dependencies:
- name: fulcio
  repository: file://../fulcio
  version: 2.3.22
- name: rekor
  repository: https://sigstore.github.io/helm-charts
  version: 1.4.2
- name: trillian
  repository: https://sigstore.github.io/helm-charts
  version: 0.2.24
- name: ctlog
  repository: https://sigstore.github.io/helm-charts
  version: 0.2.53
- name: tuf
  repository: file://../tuf
  version: 0.1.15
- name: tsa
  repository: https://sigstore.github.io/helm-charts
  version: 1.0.3
digest: sha256:a521fea8394e15d4043db8e0919cd03481043f62db2797c82a0308fa30280ce5
generated: "2024-07-24T12:25:14.272805-05:00"
